
Microsoft Visual Studio Solution File, Format Version 10.00
# Visual Studio 2008
Project("{FAE04EC0-301F-11D3-BF4B-00C04F79EFBC}") = "InputArea.View.WinForm", "InputArea.WinFormGUI\InputArea.View.WinForm.csproj", "{668D8555-A844-46FE-A9D9-50305AAFF8F6}"
EndProject
Project("{FAE04EC0-301F-11D3-BF4B-00C04F79EFBC}") = "InputArea.View.Mobile", "InputArea.MobileGUI\InputArea.View.Mobile.csproj", "{0119F9AC-39AC-432E-A697-D6273B9AF9B0}"
EndProject
Project("{FAE04EC0-301F-11D3-BF4B-00C04F79EFBC}") = "DesktopApp.View.WinFormGUI", "DesktopApp.WinFormGUI\DesktopApp.View.WinFormGUI.csproj", "{D4521370-DFA1-4B2D-81A7-B8CB74500902}"
EndProject
Project("{FAE04EC0-301F-11D3-BF4B-00C04F79EFBC}") = "DesktopApp.Controller", "DesktopApp.Controller\DesktopApp.Controller.csproj", "{5E241DE8-4261-4215-938F-158680AB9343}"
EndProject
Project("{FAE04EC0-301F-11D3-BF4B-00C04F79EFBC}") = "DesktopApp.Communication", "DesktopApp.Communication\DesktopApp.Communication.csproj", "{630BE67D-D76F-4890-9AA5-42300CF6A7D3}"
EndProject
Project("{FAE04EC0-301F-11D3-BF4B-00C04F79EFBC}") = "DesktopApp.LogicLayer", "DesktopApp.LogicLayer\DesktopApp.LogicLayer.csproj", "{B5F2848B-F62B-4783-BFDB-2B1CB786AA40}"
EndProject
Project("{FAE04EC0-301F-11D3-BF4B-00C04F79EFBC}") = "DesktopApp.DAL", "DesktopApp.DAL\DesktopApp.DAL.csproj", "{7C5ACD82-14D1-4DC1-812A-6EE33E707F67}"
EndProject
Project("{FAE04EC0-301F-11D3-BF4B-00C04F79EFBC}") = "DesktopApp.Interfaces", "DesktopApp.Interfaces\DesktopApp.Interfaces.csproj", "{316E6A6F-BCBE-4FEE-A46C-EF48AC580129}"
EndProject
Project("{B900F1C2-3D47-4FEC-85B3-04AAF18C3634}") = "Kanji2", "Kanji2\Kanji2.vddproj", "{55BBE1DD-CFFB-4DFD-BC1A-7F148E35B292}"
EndProject
Project("{FAE04EC0-301F-11D3-BF4B-00C04F79EFBC}") = "KanjiService", "KanjiService\KanjiService.csproj", "{D86F5DAA-72F3-45AA-B75F-26ABB82F746B}"
EndProject
Project("{FAE04EC0-301F-11D3-BF4B-00C04F79EFBC}") = "Webservice2", "Webservice2\Webservice2.csproj", "{71F29CDF-4FFF-4CBA-BA5F-717C4401522F}"
EndProject
Project("{FAE04EC0-301F-11D3-BF4B-00C04F79EFBC}") = "Testing", "Testing\Testing.csproj", "{7E353285-7A95-416D-BCDC-8BE94848B34F}"
EndProject
Project("{FAE04EC0-301F-11D3-BF4B-00C04F79EFBC}") = "StrokeMirrorer", "StrokeMirrorer\StrokeMirrorer.csproj", "{6B69CCCB-1899-4118-A7F6-53A68D65489D}"
EndProject
Global
	GlobalSection(SolutionConfigurationPlatforms) = preSolution
		Debug|Any CPU = Debug|Any CPU
		Discovery|Any CPU = Discovery|Any CPU
		Release|Any CPU = Release|Any CPU
	EndGlobalSection
	GlobalSection(ProjectConfigurationPlatforms) = postSolution
		{668D8555-A844-46FE-A9D9-50305AAFF8F6}.Debug|Any CPU.ActiveCfg = Debug|Any CPU
		{668D8555-A844-46FE-A9D9-50305AAFF8F6}.Debug|Any CPU.Build.0 = Debug|Any CPU
		{668D8555-A844-46FE-A9D9-50305AAFF8F6}.Discovery|Any CPU.ActiveCfg = Debug|Any CPU
		{668D8555-A844-46FE-A9D9-50305AAFF8F6}.Discovery|Any CPU.Build.0 = Debug|Any CPU
		{668D8555-A844-46FE-A9D9-50305AAFF8F6}.Release|Any CPU.ActiveCfg = Release|Any CPU
		{668D8555-A844-46FE-A9D9-50305AAFF8F6}.Release|Any CPU.Build.0 = Release|Any CPU
		{0119F9AC-39AC-432E-A697-D6273B9AF9B0}.Debug|Any CPU.ActiveCfg = Debug|Any CPU
		{0119F9AC-39AC-432E-A697-D6273B9AF9B0}.Debug|Any CPU.Build.0 = Debug|Any CPU
		{0119F9AC-39AC-432E-A697-D6273B9AF9B0}.Discovery|Any CPU.ActiveCfg = Debug|Any CPU
		{0119F9AC-39AC-432E-A697-D6273B9AF9B0}.Discovery|Any CPU.Build.0 = Debug|Any CPU
		{0119F9AC-39AC-432E-A697-D6273B9AF9B0}.Discovery|Any CPU.Deploy.0 = Debug|Any CPU
		{0119F9AC-39AC-432E-A697-D6273B9AF9B0}.Release|Any CPU.ActiveCfg = Release|Any CPU
		{0119F9AC-39AC-432E-A697-D6273B9AF9B0}.Release|Any CPU.Build.0 = Release|Any CPU
		{D4521370-DFA1-4B2D-81A7-B8CB74500902}.Debug|Any CPU.ActiveCfg = Debug|Any CPU
		{D4521370-DFA1-4B2D-81A7-B8CB74500902}.Debug|Any CPU.Build.0 = Debug|Any CPU
		{D4521370-DFA1-4B2D-81A7-B8CB74500902}.Discovery|Any CPU.ActiveCfg = Debug|Any CPU
		{D4521370-DFA1-4B2D-81A7-B8CB74500902}.Discovery|Any CPU.Build.0 = Debug|Any CPU
		{D4521370-DFA1-4B2D-81A7-B8CB74500902}.Release|Any CPU.ActiveCfg = Release|Any CPU
		{D4521370-DFA1-4B2D-81A7-B8CB74500902}.Release|Any CPU.Build.0 = Release|Any CPU
		{5E241DE8-4261-4215-938F-158680AB9343}.Debug|Any CPU.ActiveCfg = Debug|Any CPU
		{5E241DE8-4261-4215-938F-158680AB9343}.Debug|Any CPU.Build.0 = Debug|Any CPU
		{5E241DE8-4261-4215-938F-158680AB9343}.Discovery|Any CPU.ActiveCfg = Debug|Any CPU
		{5E241DE8-4261-4215-938F-158680AB9343}.Discovery|Any CPU.Build.0 = Debug|Any CPU
		{5E241DE8-4261-4215-938F-158680AB9343}.Release|Any CPU.ActiveCfg = Release|Any CPU
		{5E241DE8-4261-4215-938F-158680AB9343}.Release|Any CPU.Build.0 = Release|Any CPU
		{630BE67D-D76F-4890-9AA5-42300CF6A7D3}.Debug|Any CPU.ActiveCfg = Debug|Any CPU
		{630BE67D-D76F-4890-9AA5-42300CF6A7D3}.Debug|Any CPU.Build.0 = Debug|Any CPU
		{630BE67D-D76F-4890-9AA5-42300CF6A7D3}.Discovery|Any CPU.ActiveCfg = Debug|Any CPU
		{630BE67D-D76F-4890-9AA5-42300CF6A7D3}.Discovery|Any CPU.Build.0 = Debug|Any CPU
		{630BE67D-D76F-4890-9AA5-42300CF6A7D3}.Release|Any CPU.ActiveCfg = Release|Any CPU
		{630BE67D-D76F-4890-9AA5-42300CF6A7D3}.Release|Any CPU.Build.0 = Release|Any CPU
		{B5F2848B-F62B-4783-BFDB-2B1CB786AA40}.Debug|Any CPU.ActiveCfg = Debug|Any CPU
		{B5F2848B-F62B-4783-BFDB-2B1CB786AA40}.Debug|Any CPU.Build.0 = Debug|Any CPU
		{B5F2848B-F62B-4783-BFDB-2B1CB786AA40}.Discovery|Any CPU.ActiveCfg = Debug|Any CPU
		{B5F2848B-F62B-4783-BFDB-2B1CB786AA40}.Discovery|Any CPU.Build.0 = Debug|Any CPU
		{B5F2848B-F62B-4783-BFDB-2B1CB786AA40}.Release|Any CPU.ActiveCfg = Release|Any CPU
		{B5F2848B-F62B-4783-BFDB-2B1CB786AA40}.Release|Any CPU.Build.0 = Release|Any CPU
		{7C5ACD82-14D1-4DC1-812A-6EE33E707F67}.Debug|Any CPU.ActiveCfg = Debug|Any CPU
		{7C5ACD82-14D1-4DC1-812A-6EE33E707F67}.Debug|Any CPU.Build.0 = Debug|Any CPU
		{7C5ACD82-14D1-4DC1-812A-6EE33E707F67}.Discovery|Any CPU.ActiveCfg = Debug|Any CPU
		{7C5ACD82-14D1-4DC1-812A-6EE33E707F67}.Discovery|Any CPU.Build.0 = Debug|Any CPU
		{7C5ACD82-14D1-4DC1-812A-6EE33E707F67}.Release|Any CPU.ActiveCfg = Release|Any CPU
		{7C5ACD82-14D1-4DC1-812A-6EE33E707F67}.Release|Any CPU.Build.0 = Release|Any CPU
		{316E6A6F-BCBE-4FEE-A46C-EF48AC580129}.Debug|Any CPU.ActiveCfg = Debug|Any CPU
		{316E6A6F-BCBE-4FEE-A46C-EF48AC580129}.Debug|Any CPU.Build.0 = Debug|Any CPU
		{316E6A6F-BCBE-4FEE-A46C-EF48AC580129}.Discovery|Any CPU.ActiveCfg = Debug|Any CPU
		{316E6A6F-BCBE-4FEE-A46C-EF48AC580129}.Discovery|Any CPU.Build.0 = Debug|Any CPU
		{316E6A6F-BCBE-4FEE-A46C-EF48AC580129}.Release|Any CPU.ActiveCfg = Release|Any CPU
		{316E6A6F-BCBE-4FEE-A46C-EF48AC580129}.Release|Any CPU.Build.0 = Release|Any CPU
		{55BBE1DD-CFFB-4DFD-BC1A-7F148E35B292}.Debug|Any CPU.ActiveCfg = Debug
		{55BBE1DD-CFFB-4DFD-BC1A-7F148E35B292}.Debug|Any CPU.Build.0 = Debug
		{55BBE1DD-CFFB-4DFD-BC1A-7F148E35B292}.Discovery|Any CPU.ActiveCfg = Debug
		{55BBE1DD-CFFB-4DFD-BC1A-7F148E35B292}.Discovery|Any CPU.Build.0 = Debug
		{55BBE1DD-CFFB-4DFD-BC1A-7F148E35B292}.Release|Any CPU.ActiveCfg = Release
		{55BBE1DD-CFFB-4DFD-BC1A-7F148E35B292}.Release|Any CPU.Build.0 = Release
		{D86F5DAA-72F3-45AA-B75F-26ABB82F746B}.Debug|Any CPU.ActiveCfg = Debug|Any CPU
		{D86F5DAA-72F3-45AA-B75F-26ABB82F746B}.Debug|Any CPU.Build.0 = Debug|Any CPU
		{D86F5DAA-72F3-45AA-B75F-26ABB82F746B}.Discovery|Any CPU.ActiveCfg = Debug|Any CPU
		{D86F5DAA-72F3-45AA-B75F-26ABB82F746B}.Discovery|Any CPU.Build.0 = Debug|Any CPU
		{D86F5DAA-72F3-45AA-B75F-26ABB82F746B}.Release|Any CPU.ActiveCfg = Release|Any CPU
		{D86F5DAA-72F3-45AA-B75F-26ABB82F746B}.Release|Any CPU.Build.0 = Release|Any CPU
		{71F29CDF-4FFF-4CBA-BA5F-717C4401522F}.Debug|Any CPU.ActiveCfg = Debug|Any CPU
		{71F29CDF-4FFF-4CBA-BA5F-717C4401522F}.Debug|Any CPU.Build.0 = Debug|Any CPU
		{71F29CDF-4FFF-4CBA-BA5F-717C4401522F}.Discovery|Any CPU.ActiveCfg = Debug|Any CPU
		{71F29CDF-4FFF-4CBA-BA5F-717C4401522F}.Discovery|Any CPU.Build.0 = Debug|Any CPU
		{71F29CDF-4FFF-4CBA-BA5F-717C4401522F}.Release|Any CPU.ActiveCfg = Release|Any CPU
		{71F29CDF-4FFF-4CBA-BA5F-717C4401522F}.Release|Any CPU.Build.0 = Release|Any CPU
		{7E353285-7A95-416D-BCDC-8BE94848B34F}.Debug|Any CPU.ActiveCfg = Debug|Any CPU
		{7E353285-7A95-416D-BCDC-8BE94848B34F}.Debug|Any CPU.Build.0 = Debug|Any CPU
		{7E353285-7A95-416D-BCDC-8BE94848B34F}.Discovery|Any CPU.ActiveCfg = Debug|Any CPU
		{7E353285-7A95-416D-BCDC-8BE94848B34F}.Discovery|Any CPU.Build.0 = Debug|Any CPU
		{7E353285-7A95-416D-BCDC-8BE94848B34F}.Release|Any CPU.ActiveCfg = Release|Any CPU
		{7E353285-7A95-416D-BCDC-8BE94848B34F}.Release|Any CPU.Build.0 = Release|Any CPU
		{6B69CCCB-1899-4118-A7F6-53A68D65489D}.Debug|Any CPU.ActiveCfg = Debug|Any CPU
		{6B69CCCB-1899-4118-A7F6-53A68D65489D}.Debug|Any CPU.Build.0 = Debug|Any CPU
		{6B69CCCB-1899-4118-A7F6-53A68D65489D}.Discovery|Any CPU.ActiveCfg = Debug|Any CPU
		{6B69CCCB-1899-4118-A7F6-53A68D65489D}.Discovery|Any CPU.Build.0 = Debug|Any CPU
		{6B69CCCB-1899-4118-A7F6-53A68D65489D}.Release|Any CPU.ActiveCfg = Release|Any CPU
		{6B69CCCB-1899-4118-A7F6-53A68D65489D}.Release|Any CPU.Build.0 = Release|Any CPU
	EndGlobalSection
	GlobalSection(SolutionProperties) = preSolution
		HideSolutionNode = FALSE
	EndGlobalSection
EndGlobal
