
Microsoft Visual Studio Solution File, Format Version 10.00
# Visual Studio 2008
Project("{FAE04EC0-301F-11D3-BF4B-00C04F79EFBC}") = "WCFServer", "WCFServer.csproj", "{68FFEE87-1473-4217-B38C-9749819C1CC3}"
EndProject
Project("{FAE04EC0-301F-11D3-BF4B-00C04F79EFBC}") = "NewClient20090908", "..\NewClient20090908\NewClient20090908.csproj", "{2C7ABE74-066C-4BFC-9CA6-FA21D0C702F7}"
EndProject
Project("{B900F1C2-3D47-4FEC-85B3-04AAF18C3634}") = "CABNewClient20090908", "..\CABNewClient20090908\CABNewClient20090908.vddproj", "{4959EE11-FA53-4457-AE6B-1E528572F9B0}"
EndProject
Global
	GlobalSection(SolutionConfigurationPlatforms) = preSolution
		Debug|Any CPU = Debug|Any CPU
		Discovery|Any CPU = Discovery|Any CPU
		Release|Any CPU = Release|Any CPU
	EndGlobalSection
	GlobalSection(ProjectConfigurationPlatforms) = postSolution
		{68FFEE87-1473-4217-B38C-9749819C1CC3}.Debug|Any CPU.ActiveCfg = Debug|Any CPU
		{68FFEE87-1473-4217-B38C-9749819C1CC3}.Debug|Any CPU.Build.0 = Debug|Any CPU
		{68FFEE87-1473-4217-B38C-9749819C1CC3}.Discovery|Any CPU.ActiveCfg = Discovery|Any CPU
		{68FFEE87-1473-4217-B38C-9749819C1CC3}.Discovery|Any CPU.Build.0 = Discovery|Any CPU
		{68FFEE87-1473-4217-B38C-9749819C1CC3}.Release|Any CPU.ActiveCfg = Release|Any CPU
		{68FFEE87-1473-4217-B38C-9749819C1CC3}.Release|Any CPU.Build.0 = Release|Any CPU
		{2C7ABE74-066C-4BFC-9CA6-FA21D0C702F7}.Debug|Any CPU.ActiveCfg = Debug|Any CPU
		{2C7ABE74-066C-4BFC-9CA6-FA21D0C702F7}.Debug|Any CPU.Build.0 = Debug|Any CPU
		{2C7ABE74-066C-4BFC-9CA6-FA21D0C702F7}.Debug|Any CPU.Deploy.0 = Debug|Any CPU
		{2C7ABE74-066C-4BFC-9CA6-FA21D0C702F7}.Discovery|Any CPU.ActiveCfg = Debug|Any CPU
		{2C7ABE74-066C-4BFC-9CA6-FA21D0C702F7}.Discovery|Any CPU.Build.0 = Debug|Any CPU
		{2C7ABE74-066C-4BFC-9CA6-FA21D0C702F7}.Discovery|Any CPU.Deploy.0 = Debug|Any CPU
		{2C7ABE74-066C-4BFC-9CA6-FA21D0C702F7}.Release|Any CPU.ActiveCfg = Release|Any CPU
		{2C7ABE74-066C-4BFC-9CA6-FA21D0C702F7}.Release|Any CPU.Build.0 = Release|Any CPU
		{2C7ABE74-066C-4BFC-9CA6-FA21D0C702F7}.Release|Any CPU.Deploy.0 = Release|Any CPU
		{4959EE11-FA53-4457-AE6B-1E528572F9B0}.Debug|Any CPU.ActiveCfg = Debug
		{4959EE11-FA53-4457-AE6B-1E528572F9B0}.Discovery|Any CPU.ActiveCfg = Debug
		{4959EE11-FA53-4457-AE6B-1E528572F9B0}.Discovery|Any CPU.Build.0 = Debug
		{4959EE11-FA53-4457-AE6B-1E528572F9B0}.Release|Any CPU.ActiveCfg = Release
	EndGlobalSection
	GlobalSection(SolutionProperties) = preSolution
		HideSolutionNode = FALSE
	EndGlobalSection
EndGlobal
